// !$*UTF8*$!
{
	archiveVersion = 1;
	classes = {
	};
	objectVersion = 54;
	objects = {

/* Begin PBXBuildFile section */
		00E356F31AD99517003FC87E /* ABTests.m in Sources */ = {isa = PBXBuildFile; fileRef = 00E356F21AD99517003FC87E /* ABTests.m */; };
		13B07FBC1A68108700A75B9A /* AppDelegate.m in Sources */ = {isa = PBXBuildFile; fileRef = 13B07FB01A68108700A75B9A /* AppDelegate.m */; };
		13B07FBF1A68108700A75B9A /* Images.xcassets in Resources */ = {isa = PBXBuildFile; fileRef = 13B07FB51A68108700A75B9A /* Images.xcassets */; };
		13B07FC11A68108700A75B9A /* main.m in Sources */ = {isa = PBXBuildFile; fileRef = 13B07FB71A68108700A75B9A /* main.m */; };
		16067A08F1A144FA89B7BC32 /* Poppins-MediumItalic.ttf in Resources */ = {isa = PBXBuildFile; fileRef = 2D592C97E628482AB3243234 /* Poppins-MediumItalic.ttf */; };
		1C4DD60B467B4ACF9DBE5ECA /* Inter-SemiBold.ttf in Resources */ = {isa = PBXBuildFile; fileRef = 2223DED43F314207A19B9308 /* Inter-SemiBold.ttf */; };
		1C5079F026ED418A8229D327 /* Roboto-Thin.ttf in Resources */ = {isa = PBXBuildFile; fileRef = 8F2C1D921D8B414A973FBDAC /* Roboto-Thin.ttf */; };
		1F5BE91501DC44EF94AB3332 /* HelveticaNeue Medium.ttf in Resources */ = {isa = PBXBuildFile; fileRef = 999B94A5DBF94846903FBA31 /* HelveticaNeue Medium.ttf */; };
		230542277B1C45AFAD916AFF /* Poppins-LightItalic.ttf in Resources */ = {isa = PBXBuildFile; fileRef = E67E5C8514534FDDAE71E245 /* Poppins-LightItalic.ttf */; };
		274BA4006EF44C35B24E965C /* Roboto-BoldItalic.ttf in Resources */ = {isa = PBXBuildFile; fileRef = E40B0B05180A4217A0637997 /* Roboto-BoldItalic.ttf */; };
		27D171E7D7CD474EB9F83E98 /* Inter-ExtraBold.ttf in Resources */ = {isa = PBXBuildFile; fileRef = 74DB3F392B4F446D89DE68DD /* Inter-ExtraBold.ttf */; };
		2A2E6E5A0A1A47E782924655 /* Roboto-BlackItalic.ttf in Resources */ = {isa = PBXBuildFile; fileRef = 66FF4B64B6834D76942F9D54 /* Roboto-BlackItalic.ttf */; };
		2BAF35A0998A4444BCB74969 /* Poppins-BoldItalic.ttf in Resources */ = {isa = PBXBuildFile; fileRef = 462A11F9786145EDA77BD51F /* Poppins-BoldItalic.ttf */; };
		31FD23781BFE49FBA944A5E4 /* Inter-Bold.ttf in Resources */ = {isa = PBXBuildFile; fileRef = ADD11D41B06E448A835C6540 /* Inter-Bold.ttf */; };
		37C6B60278DE43189A68FCD5 /* Roboto-ThinItalic.ttf in Resources */ = {isa = PBXBuildFile; fileRef = 1F924F5CB02F44A8992EEED1 /* Roboto-ThinItalic.ttf */; };
		38061395947F454195CF0512 /* Poppins-Medium.ttf in Resources */ = {isa = PBXBuildFile; fileRef = D655139EA2CF44FA8170E6D0 /* Poppins-Medium.ttf */; };
		4694A70FD2174926A83A54F8 /* HelveticaNeue Regular.ttf in Resources */ = {isa = PBXBuildFile; fileRef = 9C9871584C074FCF9E668189 /* HelveticaNeue Regular.ttf */; };
		54113DB3B4EA4D00ABFD2855 /* HelveticaNeue Bold.ttf in Resources */ = {isa = PBXBuildFile; fileRef = 4C87425203694CC6ABCBECEA /* HelveticaNeue Bold.ttf */; };
		54E3B3BF83DE4178994C702E /* Poppins-SemiBold.ttf in Resources */ = {isa = PBXBuildFile; fileRef = E7D81B84EA0349E185E52EED /* Poppins-SemiBold.ttf */; };
		67767C468DA747568B987358 /* Poppins-Thin.ttf in Resources */ = {isa = PBXBuildFile; fileRef = C3E5DAB54BE344E68800DC42 /* Poppins-Thin.ttf */; };
		6EAA6825C9BE473AB9BBD65E /* Poppins-Black.ttf in Resources */ = {isa = PBXBuildFile; fileRef = C5946A78D36647EC9432DDC1 /* Poppins-Black.ttf */; };
		740BBAC71CDD49EAA449CA05 /* Poppins-Italic.ttf in Resources */ = {isa = PBXBuildFile; fileRef = 5AAC1FA4849847ACBCB31659 /* Poppins-Italic.ttf */; };
		773C6C1606304B9FBBFB817E /* Roboto-Italic.ttf in Resources */ = {isa = PBXBuildFile; fileRef = 978711E1027D4C8F9126B7ED /* Roboto-Italic.ttf */; };
		81AB9BB82411601600AC10FF /* LaunchScreen.storyboard in Resources */ = {isa = PBXBuildFile; fileRef = 81AB9BB72411601600AC10FF /* LaunchScreen.storyboard */; };
		853CCC1A12DB46829C5D6223 /* Poppins-ExtraBold.ttf in Resources */ = {isa = PBXBuildFile; fileRef = 4B434FD6AC6A43DC9715457A /* Poppins-ExtraBold.ttf */; };
		8B86CA2E6EDA4EC09C91C20F /* HelveticaNeue Light.ttf in Resources */ = {isa = PBXBuildFile; fileRef = F60F046FE6074794A3CA6472 /* HelveticaNeue Light.ttf */; };
		8D68D1BBC43F4DDA873BA1C3 /* Roboto-Light.ttf in Resources */ = {isa = PBXBuildFile; fileRef = A0A032FBDDBD40158C016566 /* Roboto-Light.ttf */; };
		8FA6ED0089AA4F1DAF050689 /* Roboto-Medium.ttf in Resources */ = {isa = PBXBuildFile; fileRef = 0C99C4C4EB0A4045B46BD700 /* Roboto-Medium.ttf */; };
		91A42FDF721F403AB14D1899 /* Poppins-ThinItalic.ttf in Resources */ = {isa = PBXBuildFile; fileRef = 2A1496050C4A4A4AA9095A82 /* Poppins-ThinItalic.ttf */; };
		939B2629450C4CCEB344CE6A /* Poppins-SemiBoldItalic.ttf in Resources */ = {isa = PBXBuildFile; fileRef = 25BC0AA991FC492FA9118186 /* Poppins-SemiBoldItalic.ttf */; };
		97D36BE4C94C46F988C0201A /* Inter-Regular.ttf in Resources */ = {isa = PBXBuildFile; fileRef = D69F0E5E934B431396FCE10E /* Inter-Regular.ttf */; };
		97FBF5469400401885663DE1 /* Poppins-ExtraLightItalic.ttf in Resources */ = {isa = PBXBuildFile; fileRef = E66A82507F0941F4A5A29273 /* Poppins-ExtraLightItalic.ttf */; };
		988260239BCCAC1C3B9DC79E /* libPods-AB.a in Frameworks */ = {isa = PBXBuildFile; fileRef = A355E7F43E25D8D913D453A1 /* libPods-AB.a */; };
		9AC170C09DD540D58E2B146D /* Poppins-ExtraLight.ttf in Resources */ = {isa = PBXBuildFile; fileRef = 2FB3C50418BF49C28864B783 /* Poppins-ExtraLight.ttf */; };
		9DB014D6776B412A8534E6B1 /* HelveticaNeue BlackCond.ttf in Resources */ = {isa = PBXBuildFile; fileRef = 32F973FF814F40678E16B230 /* HelveticaNeue BlackCond.ttf */; };
		A465E9A50653442E82D3A3A6 /* Inter-Light.ttf in Resources */ = {isa = PBXBuildFile; fileRef = 5AF317F49E1E4C8C9F908E2E /* Inter-Light.ttf */; };
		AD564F229324497880DF9493 /* HelveticaNeue-Regular.ttf in Resources */ = {isa = PBXBuildFile; fileRef = 7D1873B2468248F9B522FDDC /* HelveticaNeue-Regular.ttf */; };
		B679E1E2AD26A76BC55EFEF8 /* libPods-AB-ABTests.a in Frameworks */ = {isa = PBXBuildFile; fileRef = EC6D9B0A9916C6D1B45AEFA6 /* libPods-AB-ABTests.a */; };
		B9072864AC55488598E37ED2 /* Poppins-Regular.ttf in Resources */ = {isa = PBXBuildFile; fileRef = 2D2EF285212742428AAE82DF /* Poppins-Regular.ttf */; };
		BAE3741E3180444A85E03A5F /* Poppins-Bold.ttf in Resources */ = {isa = PBXBuildFile; fileRef = B7077CE9C554488A8CFD94A3 /* Poppins-Bold.ttf */; };
		C7BE4222B3BB4A4D912310B7 /* Poppins-ExtraBoldItalic.ttf in Resources */ = {isa = PBXBuildFile; fileRef = 2B7A74A0F3D14A9F8EBB1EF8 /* Poppins-ExtraBoldItalic.ttf */; };
		C7F05C5B4F884B9996FD90E4 /* Poppins-BlackItalic.ttf in Resources */ = {isa = PBXBuildFile; fileRef = 8322CB5CD62747A8BD7B2112 /* Poppins-BlackItalic.ttf */; };
		CD4F76E4444048539FB6486B /* Poppins-Light.ttf in Resources */ = {isa = PBXBuildFile; fileRef = EACBE145C31440B4B6BA58A4 /* Poppins-Light.ttf */; };
		CDDF0933E90D41E6903B3EFC /* Inter-Thin.ttf in Resources */ = {isa = PBXBuildFile; fileRef = D3542C077FE148D188C27344 /* Inter-Thin.ttf */; };
		D1204E2FB6624C32AE835B83 /* Roboto-Bold.ttf in Resources */ = {isa = PBXBuildFile; fileRef = 7EEC0227EC3F4C38AA830342 /* Roboto-Bold.ttf */; };
		D64653D093E9476A8D32DBA9 /* Roboto-Regular.ttf in Resources */ = {isa = PBXBuildFile; fileRef = DBAE7607C937468DB7812252 /* Roboto-Regular.ttf */; };
		D6BFD31FBD2A4E04AACA8C79 /* HelveticaNeue Thin.ttf in Resources */ = {isa = PBXBuildFile; fileRef = E231D44235EA4AD3AB232A32 /* HelveticaNeue Thin.ttf */; };
		DEAAD101648949C3935C65C0 /* Inter-Black.ttf in Resources */ = {isa = PBXBuildFile; fileRef = D12B8554BE1041C8A3FE1252 /* Inter-Black.ttf */; };
		E09EA60273E04A59A618F16F /* Roboto-LightItalic.ttf in Resources */ = {isa = PBXBuildFile; fileRef = 722935FEAFA844D199ED103E /* Roboto-LightItalic.ttf */; };
		E96742B586684D05AD301E6C /* Roboto-MediumItalic.ttf in Resources */ = {isa = PBXBuildFile; fileRef = 80C9C01E3F8043CFAE7F371B /* Roboto-MediumItalic.ttf */; };
		F86612FB496B422DA60CC0AA /* Inter-Medium.ttf in Resources */ = {isa = PBXBuildFile; fileRef = FB1C72FFBB0C4D449C40307D /* Inter-Medium.ttf */; };
		F9D768C3725944618DBF904E /* Inter-ExtraLight.ttf in Resources */ = {isa = PBXBuildFile; fileRef = E7E2DDF201B94D6C8AACC6BC /* Inter-ExtraLight.ttf */; };
		FA5DDE24268043218ECEF123 /* Roboto-Black.ttf in Resources */ = {isa = PBXBuildFile; fileRef = 368EB036DF404028A8FB932F /* Roboto-Black.ttf */; };
/* End PBXBuildFile section */

/* Begin PBXContainerItemProxy section */
		00E356F41AD99517003FC87E /* PBXContainerItemProxy */ = {
			isa = PBXContainerItemProxy;
			containerPortal = 83CBB9F71A601CBA00E9B192 /* Project object */;
			proxyType = 1;
			remoteGlobalIDString = 13B07F861A680F5B00A75B9A;
			remoteInfo = AB;
		};
/* End PBXContainerItemProxy section */

/* Begin PBXFileReference section */
		00E356EE1AD99517003FC87E /* ABTests.xctest */ = {isa = PBXFileReference; explicitFileType = wrapper.cfbundle; includeInIndex = 0; path = ABTests.xctest; sourceTree = BUILT_PRODUCTS_DIR; };
		00E356F11AD99517003FC87E /* Info.plist */ = {isa = PBXFileReference; lastKnownFileType = text.plist.xml; path = Info.plist; sourceTree = "<group>"; };
		00E356F21AD99517003FC87E /* ABTests.m */ = {isa = PBXFileReference; lastKnownFileType = sourcecode.c.objc; path = ABTests.m; sourceTree = "<group>"; };
		0C99C4C4EB0A4045B46BD700 /* Roboto-Medium.ttf */ = {isa = PBXFileReference; explicitFileType = undefined; fileEncoding = 9; includeInIndex = 0; lastKnownFileType = unknown; name = "Roboto-Medium.ttf"; path = "../assets/fonts/Roboto-Medium.ttf"; sourceTree = "<group>"; };
		13B07F961A680F5B00A75B9A /* AB.app */ = {isa = PBXFileReference; explicitFileType = wrapper.application; includeInIndex = 0; path = AB.app; sourceTree = BUILT_PRODUCTS_DIR; };
		13B07FAF1A68108700A75B9A /* AppDelegate.h */ = {isa = PBXFileReference; fileEncoding = 4; lastKnownFileType = sourcecode.c.h; name = AppDelegate.h; path = AB/AppDelegate.h; sourceTree = "<group>"; };
		13B07FB01A68108700A75B9A /* AppDelegate.m */ = {isa = PBXFileReference; fileEncoding = 4; lastKnownFileType = sourcecode.c.objc; name = AppDelegate.m; path = AB/AppDelegate.m; sourceTree = "<group>"; };
		13B07FB51A68108700A75B9A /* Images.xcassets */ = {isa = PBXFileReference; lastKnownFileType = folder.assetcatalog; name = Images.xcassets; path = AB/Images.xcassets; sourceTree = "<group>"; };
		13B07FB61A68108700A75B9A /* Info.plist */ = {isa = PBXFileReference; fileEncoding = 4; lastKnownFileType = text.plist.xml; name = Info.plist; path = AB/Info.plist; sourceTree = "<group>"; };
		13B07FB71A68108700A75B9A /* main.m */ = {isa = PBXFileReference; fileEncoding = 4; lastKnownFileType = sourcecode.c.objc; name = main.m; path = AB/main.m; sourceTree = "<group>"; };
		1F924F5CB02F44A8992EEED1 /* Roboto-ThinItalic.ttf */ = {isa = PBXFileReference; explicitFileType = undefined; fileEncoding = 9; includeInIndex = 0; lastKnownFileType = unknown; name = "Roboto-ThinItalic.ttf"; path = "../assets/fonts/Roboto-ThinItalic.ttf"; sourceTree = "<group>"; };
		2223DED43F314207A19B9308 /* Inter-SemiBold.ttf */ = {isa = PBXFileReference; explicitFileType = undefined; fileEncoding = 9; includeInIndex = 0; lastKnownFileType = unknown; name = "Inter-SemiBold.ttf"; path = "../assets/fonts/Inter-SemiBold.ttf"; sourceTree = "<group>"; };
		2320C2E2EE3F75BC9467E76B /* Pods-AB.debug.xcconfig */ = {isa = PBXFileReference; includeInIndex = 1; lastKnownFileType = text.xcconfig; name = "Pods-AB.debug.xcconfig"; path = "Target Support Files/Pods-AB/Pods-AB.debug.xcconfig"; sourceTree = "<group>"; };
		25BC0AA991FC492FA9118186 /* Poppins-SemiBoldItalic.ttf */ = {isa = PBXFileReference; explicitFileType = undefined; fileEncoding = 9; includeInIndex = 0; lastKnownFileType = unknown; name = "Poppins-SemiBoldItalic.ttf"; path = "../assets/fonts/Poppins-SemiBoldItalic.ttf"; sourceTree = "<group>"; };
		2A1496050C4A4A4AA9095A82 /* Poppins-ThinItalic.ttf */ = {isa = PBXFileReference; explicitFileType = undefined; fileEncoding = 9; includeInIndex = 0; lastKnownFileType = unknown; name = "Poppins-ThinItalic.ttf"; path = "../assets/fonts/Poppins-ThinItalic.ttf"; sourceTree = "<group>"; };
		2B7A74A0F3D14A9F8EBB1EF8 /* Poppins-ExtraBoldItalic.ttf */ = {isa = PBXFileReference; explicitFileType = undefined; fileEncoding = 9; includeInIndex = 0; lastKnownFileType = unknown; name = "Poppins-ExtraBoldItalic.ttf"; path = "../assets/fonts/Poppins-ExtraBoldItalic.ttf"; sourceTree = "<group>"; };
		2D2EF285212742428AAE82DF /* Poppins-Regular.ttf */ = {isa = PBXFileReference; explicitFileType = undefined; fileEncoding = 9; includeInIndex = 0; lastKnownFileType = unknown; name = "Poppins-Regular.ttf"; path = "../assets/fonts/Poppins-Regular.ttf"; sourceTree = "<group>"; };
		2D592C97E628482AB3243234 /* Poppins-MediumItalic.ttf */ = {isa = PBXFileReference; explicitFileType = undefined; fileEncoding = 9; includeInIndex = 0; lastKnownFileType = unknown; name = "Poppins-MediumItalic.ttf"; path = "../assets/fonts/Poppins-MediumItalic.ttf"; sourceTree = "<group>"; };
		2FB3C50418BF49C28864B783 /* Poppins-ExtraLight.ttf */ = {isa = PBXFileReference; explicitFileType = undefined; fileEncoding = 9; includeInIndex = 0; lastKnownFileType = unknown; name = "Poppins-ExtraLight.ttf"; path = "../assets/fonts/Poppins-ExtraLight.ttf"; sourceTree = "<group>"; };
		32F973FF814F40678E16B230 /* HelveticaNeue BlackCond.ttf */ = {isa = PBXFileReference; explicitFileType = undefined; fileEncoding = 9; includeInIndex = 0; lastKnownFileType = unknown; name = "HelveticaNeue BlackCond.ttf"; path = "../assets/fonts/HelveticaNeue BlackCond.ttf"; sourceTree = "<group>"; };
		368EB036DF404028A8FB932F /* Roboto-Black.ttf */ = {isa = PBXFileReference; explicitFileType = undefined; fileEncoding = 9; includeInIndex = 0; lastKnownFileType = unknown; name = "Roboto-Black.ttf"; path = "../assets/fonts/Roboto-Black.ttf"; sourceTree = "<group>"; };
		462A11F9786145EDA77BD51F /* Poppins-BoldItalic.ttf */ = {isa = PBXFileReference; explicitFileType = undefined; fileEncoding = 9; includeInIndex = 0; lastKnownFileType = unknown; name = "Poppins-BoldItalic.ttf"; path = "../assets/fonts/Poppins-BoldItalic.ttf"; sourceTree = "<group>"; };
		4B434FD6AC6A43DC9715457A /* Poppins-ExtraBold.ttf */ = {isa = PBXFileReference; explicitFileType = undefined; fileEncoding = 9; includeInIndex = 0; lastKnownFileType = unknown; name = "Poppins-ExtraBold.ttf"; path = "../assets/fonts/Poppins-ExtraBold.ttf"; sourceTree = "<group>"; };
		4C87425203694CC6ABCBECEA /* HelveticaNeue Bold.ttf */ = {isa = PBXFileReference; explicitFileType = undefined; fileEncoding = 9; includeInIndex = 0; lastKnownFileType = unknown; name = "HelveticaNeue Bold.ttf"; path = "../assets/fonts/HelveticaNeue Bold.ttf"; sourceTree = "<group>"; };
		58CB782D4D0F83203334C4A7 /* Pods-AB-ABTests.release.xcconfig */ = {isa = PBXFileReference; includeInIndex = 1; lastKnownFileType = text.xcconfig; name = "Pods-AB-ABTests.release.xcconfig"; path = "Target Support Files/Pods-AB-ABTests/Pods-AB-ABTests.release.xcconfig"; sourceTree = "<group>"; };
		5AAC1FA4849847ACBCB31659 /* Poppins-Italic.ttf */ = {isa = PBXFileReference; explicitFileType = undefined; fileEncoding = 9; includeInIndex = 0; lastKnownFileType = unknown; name = "Poppins-Italic.ttf"; path = "../assets/fonts/Poppins-Italic.ttf"; sourceTree = "<group>"; };
		5AF317F49E1E4C8C9F908E2E /* Inter-Light.ttf */ = {isa = PBXFileReference; explicitFileType = undefined; fileEncoding = 9; includeInIndex = 0; lastKnownFileType = unknown; name = "Inter-Light.ttf"; path = "../assets/fonts/Inter-Light.ttf"; sourceTree = "<group>"; };
		66FF4B64B6834D76942F9D54 /* Roboto-BlackItalic.ttf */ = {isa = PBXFileReference; explicitFileType = undefined; fileEncoding = 9; includeInIndex = 0; lastKnownFileType = unknown; name = "Roboto-BlackItalic.ttf"; path = "../assets/fonts/Roboto-BlackItalic.ttf"; sourceTree = "<group>"; };
		6E4061847B4A03AFF5B1FD3A /* Pods-AB-ABTests.debug.xcconfig */ = {isa = PBXFileReference; includeInIndex = 1; lastKnownFileType = text.xcconfig; name = "Pods-AB-ABTests.debug.xcconfig"; path = "Target Support Files/Pods-AB-ABTests/Pods-AB-ABTests.debug.xcconfig"; sourceTree = "<group>"; };
		722935FEAFA844D199ED103E /* Roboto-LightItalic.ttf */ = {isa = PBXFileReference; explicitFileType = undefined; fileEncoding = 9; includeInIndex = 0; lastKnownFileType = unknown; name = "Roboto-LightItalic.ttf"; path = "../assets/fonts/Roboto-LightItalic.ttf"; sourceTree = "<group>"; };
		74DB3F392B4F446D89DE68DD /* Inter-ExtraBold.ttf */ = {isa = PBXFileReference; explicitFileType = undefined; fileEncoding = 9; includeInIndex = 0; lastKnownFileType = unknown; name = "Inter-ExtraBold.ttf"; path = "../assets/fonts/Inter-ExtraBold.ttf"; sourceTree = "<group>"; };
		7D1873B2468248F9B522FDDC /* HelveticaNeue-Regular.ttf */ = {isa = PBXFileReference; explicitFileType = undefined; fileEncoding = 9; includeInIndex = 0; lastKnownFileType = unknown; name = "HelveticaNeue-Regular.ttf"; path = "../assets/fonts/HelveticaNeue-Regular.ttf"; sourceTree = "<group>"; };
		7EEC0227EC3F4C38AA830342 /* Roboto-Bold.ttf */ = {isa = PBXFileReference; explicitFileType = undefined; fileEncoding = 9; includeInIndex = 0; lastKnownFileType = unknown; name = "Roboto-Bold.ttf"; path = "../assets/fonts/Roboto-Bold.ttf"; sourceTree = "<group>"; };
		80C9C01E3F8043CFAE7F371B /* Roboto-MediumItalic.ttf */ = {isa = PBXFileReference; explicitFileType = undefined; fileEncoding = 9; includeInIndex = 0; lastKnownFileType = unknown; name = "Roboto-MediumItalic.ttf"; path = "../assets/fonts/Roboto-MediumItalic.ttf"; sourceTree = "<group>"; };
		81AB9BB72411601600AC10FF /* LaunchScreen.storyboard */ = {isa = PBXFileReference; fileEncoding = 4; lastKnownFileType = file.storyboard; name = LaunchScreen.storyboard; path = AB/LaunchScreen.storyboard; sourceTree = "<group>"; };
		8322CB5CD62747A8BD7B2112 /* Poppins-BlackItalic.ttf */ = {isa = PBXFileReference; explicitFileType = undefined; fileEncoding = 9; includeInIndex = 0; lastKnownFileType = unknown; name = "Poppins-BlackItalic.ttf"; path = "../assets/fonts/Poppins-BlackItalic.ttf"; sourceTree = "<group>"; };
		8F2C1D921D8B414A973FBDAC /* Roboto-Thin.ttf */ = {isa = PBXFileReference; explicitFileType = undefined; fileEncoding = 9; includeInIndex = 0; lastKnownFileType = unknown; name = "Roboto-Thin.ttf"; path = "../assets/fonts/Roboto-Thin.ttf"; sourceTree = "<group>"; };
		9606A26501D12B2F35E624BA /* Pods-AB.release.xcconfig */ = {isa = PBXFileReference; includeInIndex = 1; lastKnownFileType = text.xcconfig; name = "Pods-AB.release.xcconfig"; path = "Target Support Files/Pods-AB/Pods-AB.release.xcconfig"; sourceTree = "<group>"; };
		978711E1027D4C8F9126B7ED /* Roboto-Italic.ttf */ = {isa = PBXFileReference; explicitFileType = undefined; fileEncoding = 9; includeInIndex = 0; lastKnownFileType = unknown; name = "Roboto-Italic.ttf"; path = "../assets/fonts/Roboto-Italic.ttf"; sourceTree = "<group>"; };
		999B94A5DBF94846903FBA31 /* HelveticaNeue Medium.ttf */ = {isa = PBXFileReference; explicitFileType = undefined; fileEncoding = 9; includeInIndex = 0; lastKnownFileType = unknown; name = "HelveticaNeue Medium.ttf"; path = "../assets/fonts/HelveticaNeue Medium.ttf"; sourceTree = "<group>"; };
		9C9871584C074FCF9E668189 /* HelveticaNeue Regular.ttf */ = {isa = PBXFileReference; explicitFileType = undefined; fileEncoding = 9; includeInIndex = 0; lastKnownFileType = unknown; name = "HelveticaNeue Regular.ttf"; path = "../assets/fonts/HelveticaNeue Regular.ttf"; sourceTree = "<group>"; };
		A0A032FBDDBD40158C016566 /* Roboto-Light.ttf */ = {isa = PBXFileReference; explicitFileType = undefined; fileEncoding = 9; includeInIndex = 0; lastKnownFileType = unknown; name = "Roboto-Light.ttf"; path = "../assets/fonts/Roboto-Light.ttf"; sourceTree = "<group>"; };
		A355E7F43E25D8D913D453A1 /* libPods-AB.a */ = {isa = PBXFileReference; explicitFileType = archive.ar; includeInIndex = 0; path = "libPods-AB.a"; sourceTree = BUILT_PRODUCTS_DIR; };
		ADD11D41B06E448A835C6540 /* Inter-Bold.ttf */ = {isa = PBXFileReference; explicitFileType = undefined; fileEncoding = 9; includeInIndex = 0; lastKnownFileType = unknown; name = "Inter-Bold.ttf"; path = "../assets/fonts/Inter-Bold.ttf"; sourceTree = "<group>"; };
		B7077CE9C554488A8CFD94A3 /* Poppins-Bold.ttf */ = {isa = PBXFileReference; explicitFileType = undefined; fileEncoding = 9; includeInIndex = 0; lastKnownFileType = unknown; name = "Poppins-Bold.ttf"; path = "../assets/fonts/Poppins-Bold.ttf"; sourceTree = "<group>"; };
		C3E5DAB54BE344E68800DC42 /* Poppins-Thin.ttf */ = {isa = PBXFileReference; explicitFileType = undefined; fileEncoding = 9; includeInIndex = 0; lastKnownFileType = unknown; name = "Poppins-Thin.ttf"; path = "../assets/fonts/Poppins-Thin.ttf"; sourceTree = "<group>"; };
		C5946A78D36647EC9432DDC1 /* Poppins-Black.ttf */ = {isa = PBXFileReference; explicitFileType = undefined; fileEncoding = 9; includeInIndex = 0; lastKnownFileType = unknown; name = "Poppins-Black.ttf"; path = "../assets/fonts/Poppins-Black.ttf"; sourceTree = "<group>"; };
		D12B8554BE1041C8A3FE1252 /* Inter-Black.ttf */ = {isa = PBXFileReference; explicitFileType = undefined; fileEncoding = 9; includeInIndex = 0; lastKnownFileType = unknown; name = "Inter-Black.ttf"; path = "../assets/fonts/Inter-Black.ttf"; sourceTree = "<group>"; };
		D3542C077FE148D188C27344 /* Inter-Thin.ttf */ = {isa = PBXFileReference; explicitFileType = undefined; fileEncoding = 9; includeInIndex = 0; lastKnownFileType = unknown; name = "Inter-Thin.ttf"; path = "../assets/fonts/Inter-Thin.ttf"; sourceTree = "<group>"; };
		D655139EA2CF44FA8170E6D0 /* Poppins-Medium.ttf */ = {isa = PBXFileReference; explicitFileType = undefined; fileEncoding = 9; includeInIndex = 0; lastKnownFileType = unknown; name = "Poppins-Medium.ttf"; path = "../assets/fonts/Poppins-Medium.ttf"; sourceTree = "<group>"; };
		D69F0E5E934B431396FCE10E /* Inter-Regular.ttf */ = {isa = PBXFileReference; explicitFileType = undefined; fileEncoding = 9; includeInIndex = 0; lastKnownFileType = unknown; name = "Inter-Regular.ttf"; path = "../assets/fonts/Inter-Regular.ttf"; sourceTree = "<group>"; };
		DBAE7607C937468DB7812252 /* Roboto-Regular.ttf */ = {isa = PBXFileReference; explicitFileType = undefined; fileEncoding = 9; includeInIndex = 0; lastKnownFileType = unknown; name = "Roboto-Regular.ttf"; path = "../assets/fonts/Roboto-Regular.ttf"; sourceTree = "<group>"; };
		E231D44235EA4AD3AB232A32 /* HelveticaNeue Thin.ttf */ = {isa = PBXFileReference; explicitFileType = undefined; fileEncoding = 9; includeInIndex = 0; lastKnownFileType = unknown; name = "HelveticaNeue Thin.ttf"; path = "../assets/fonts/HelveticaNeue Thin.ttf"; sourceTree = "<group>"; };
		E40B0B05180A4217A0637997 /* Roboto-BoldItalic.ttf */ = {isa = PBXFileReference; explicitFileType = undefined; fileEncoding = 9; includeInIndex = 0; lastKnownFileType = unknown; name = "Roboto-BoldItalic.ttf"; path = "../assets/fonts/Roboto-BoldItalic.ttf"; sourceTree = "<group>"; };
		E66A82507F0941F4A5A29273 /* Poppins-ExtraLightItalic.ttf */ = {isa = PBXFileReference; explicitFileType = undefined; fileEncoding = 9; includeInIndex = 0; lastKnownFileType = unknown; name = "Poppins-ExtraLightItalic.ttf"; path = "../assets/fonts/Poppins-ExtraLightItalic.ttf"; sourceTree = "<group>"; };
		E67E5C8514534FDDAE71E245 /* Poppins-LightItalic.ttf */ = {isa = PBXFileReference; explicitFileType = undefined; fileEncoding = 9; includeInIndex = 0; lastKnownFileType = unknown; name = "Poppins-LightItalic.ttf"; path = "../assets/fonts/Poppins-LightItalic.ttf"; sourceTree = "<group>"; };
		E7D81B84EA0349E185E52EED /* Poppins-SemiBold.ttf */ = {isa = PBXFileReference; explicitFileType = undefined; fileEncoding = 9; includeInIndex = 0; lastKnownFileType = unknown; name = "Poppins-SemiBold.ttf"; path = "../assets/fonts/Poppins-SemiBold.ttf"; sourceTree = "<group>"; };
		E7E2DDF201B94D6C8AACC6BC /* Inter-ExtraLight.ttf */ = {isa = PBXFileReference; explicitFileType = undefined; fileEncoding = 9; includeInIndex = 0; lastKnownFileType = unknown; name = "Inter-ExtraLight.ttf"; path = "../assets/fonts/Inter-ExtraLight.ttf"; sourceTree = "<group>"; };
		EACBE145C31440B4B6BA58A4 /* Poppins-Light.ttf */ = {isa = PBXFileReference; explicitFileType = undefined; fileEncoding = 9; includeInIndex = 0; lastKnownFileType = unknown; name = "Poppins-Light.ttf"; path = "../assets/fonts/Poppins-Light.ttf"; sourceTree = "<group>"; };
		EC6D9B0A9916C6D1B45AEFA6 /* libPods-AB-ABTests.a */ = {isa = PBXFileReference; explicitFileType = archive.ar; includeInIndex = 0; path = "libPods-AB-ABTests.a"; sourceTree = BUILT_PRODUCTS_DIR; };
		ED297162215061F000B7C4FE /* JavaScriptCore.framework */ = {isa = PBXFileReference; lastKnownFileType = wrapper.framework; name = JavaScriptCore.framework; path = System/Library/Frameworks/JavaScriptCore.framework; sourceTree = SDKROOT; };
		F60F046FE6074794A3CA6472 /* HelveticaNeue Light.ttf */ = {isa = PBXFileReference; explicitFileType = undefined; fileEncoding = 9; includeInIndex = 0; lastKnownFileType = unknown; name = "HelveticaNeue Light.ttf"; path = "../assets/fonts/HelveticaNeue Light.ttf"; sourceTree = "<group>"; };
		FB1C72FFBB0C4D449C40307D /* Inter-Medium.ttf */ = {isa = PBXFileReference; explicitFileType = undefined; fileEncoding = 9; includeInIndex = 0; lastKnownFileType = unknown; name = "Inter-Medium.ttf"; path = "../assets/fonts/Inter-Medium.ttf"; sourceTree = "<group>"; };
/* End PBXFileReference section */

/* Begin PBXFrameworksBuildPhase section */
		00E356EB1AD99517003FC87E /* Frameworks */ = {
			isa = PBXFrameworksBuildPhase;
			buildActionMask = 2147483647;
			files = (
				B679E1E2AD26A76BC55EFEF8 /* libPods-AB-ABTests.a in Frameworks */,
			);
			runOnlyForDeploymentPostprocessing = 0;
		};
		13B07F8C1A680F5B00A75B9A /* Frameworks */ = {
			isa = PBXFrameworksBuildPhase;
			buildActionMask = 2147483647;
			files = (
				988260239BCCAC1C3B9DC79E /* libPods-AB.a in Frameworks */,
			);
			runOnlyForDeploymentPostprocessing = 0;
		};
/* End PBXFrameworksBuildPhase section */

/* Begin PBXGroup section */
		00E356EF1AD99517003FC87E /* ABTests */ = {
			isa = PBXGroup;
			children = (
				00E356F21AD99517003FC87E /* ABTests.m */,
				00E356F01AD99517003FC87E /* Supporting Files */,
			);
			path = ABTests;
			sourceTree = "<group>";
		};
		00E356F01AD99517003FC87E /* Supporting Files */ = {
			isa = PBXGroup;
			children = (
				00E356F11AD99517003FC87E /* Info.plist */,
			);
			name = "Supporting Files";
			sourceTree = "<group>";
		};
		13B07FAE1A68108700A75B9A /* AB */ = {
			isa = PBXGroup;
			children = (
				13B07FAF1A68108700A75B9A /* AppDelegate.h */,
				13B07FB01A68108700A75B9A /* AppDelegate.m */,
				13B07FB51A68108700A75B9A /* Images.xcassets */,
				13B07FB61A68108700A75B9A /* Info.plist */,
				81AB9BB72411601600AC10FF /* LaunchScreen.storyboard */,
				13B07FB71A68108700A75B9A /* main.m */,
			);
			name = AB;
			sourceTree = "<group>";
		};
		1FE653525F13B300BDD85B4E /* Pods */ = {
			isa = PBXGroup;
			children = (
				2320C2E2EE3F75BC9467E76B /* Pods-AB.debug.xcconfig */,
				9606A26501D12B2F35E624BA /* Pods-AB.release.xcconfig */,
				6E4061847B4A03AFF5B1FD3A /* Pods-AB-ABTests.debug.xcconfig */,
				58CB782D4D0F83203334C4A7 /* Pods-AB-ABTests.release.xcconfig */,
			);
			path = Pods;
			sourceTree = "<group>";
		};
		2D16E6871FA4F8E400B85C8A /* Frameworks */ = {
			isa = PBXGroup;
			children = (
				ED297162215061F000B7C4FE /* JavaScriptCore.framework */,
				A355E7F43E25D8D913D453A1 /* libPods-AB.a */,
				EC6D9B0A9916C6D1B45AEFA6 /* libPods-AB-ABTests.a */,
			);
			name = Frameworks;
			sourceTree = "<group>";
		};
		6D81E8139D654F1F80B7F0FD /* Resources */ = {
			isa = PBXGroup;
			children = (
				32F973FF814F40678E16B230 /* HelveticaNeue BlackCond.ttf */,
				4C87425203694CC6ABCBECEA /* HelveticaNeue Bold.ttf */,
				F60F046FE6074794A3CA6472 /* HelveticaNeue Light.ttf */,
				999B94A5DBF94846903FBA31 /* HelveticaNeue Medium.ttf */,
				9C9871584C074FCF9E668189 /* HelveticaNeue Regular.ttf */,
				E231D44235EA4AD3AB232A32 /* HelveticaNeue Thin.ttf */,
				7D1873B2468248F9B522FDDC /* HelveticaNeue-Regular.ttf */,
				D12B8554BE1041C8A3FE1252 /* Inter-Black.ttf */,
				ADD11D41B06E448A835C6540 /* Inter-Bold.ttf */,
				74DB3F392B4F446D89DE68DD /* Inter-ExtraBold.ttf */,
				E7E2DDF201B94D6C8AACC6BC /* Inter-ExtraLight.ttf */,
				5AF317F49E1E4C8C9F908E2E /* Inter-Light.ttf */,
				FB1C72FFBB0C4D449C40307D /* Inter-Medium.ttf */,
				D69F0E5E934B431396FCE10E /* Inter-Regular.ttf */,
				2223DED43F314207A19B9308 /* Inter-SemiBold.ttf */,
				D3542C077FE148D188C27344 /* Inter-Thin.ttf */,
				C5946A78D36647EC9432DDC1 /* Poppins-Black.ttf */,
				8322CB5CD62747A8BD7B2112 /* Poppins-BlackItalic.ttf */,
				B7077CE9C554488A8CFD94A3 /* Poppins-Bold.ttf */,
				462A11F9786145EDA77BD51F /* Poppins-BoldItalic.ttf */,
				4B434FD6AC6A43DC9715457A /* Poppins-ExtraBold.ttf */,
				2B7A74A0F3D14A9F8EBB1EF8 /* Poppins-ExtraBoldItalic.ttf */,
				2FB3C50418BF49C28864B783 /* Poppins-ExtraLight.ttf */,
				E66A82507F0941F4A5A29273 /* Poppins-ExtraLightItalic.ttf */,
				5AAC1FA4849847ACBCB31659 /* Poppins-Italic.ttf */,
				EACBE145C31440B4B6BA58A4 /* Poppins-Light.ttf */,
				E67E5C8514534FDDAE71E245 /* Poppins-LightItalic.ttf */,
				D655139EA2CF44FA8170E6D0 /* Poppins-Medium.ttf */,
				2D592C97E628482AB3243234 /* Poppins-MediumItalic.ttf */,
				2D2EF285212742428AAE82DF /* Poppins-Regular.ttf */,
				E7D81B84EA0349E185E52EED /* Poppins-SemiBold.ttf */,
				25BC0AA991FC492FA9118186 /* Poppins-SemiBoldItalic.ttf */,
				C3E5DAB54BE344E68800DC42 /* Poppins-Thin.ttf */,
				2A1496050C4A4A4AA9095A82 /* Poppins-ThinItalic.ttf */,
				368EB036DF404028A8FB932F /* Roboto-Black.ttf */,
				66FF4B64B6834D76942F9D54 /* Roboto-BlackItalic.ttf */,
				7EEC0227EC3F4C38AA830342 /* Roboto-Bold.ttf */,
				E40B0B05180A4217A0637997 /* Roboto-BoldItalic.ttf */,
				978711E1027D4C8F9126B7ED /* Roboto-Italic.ttf */,
				A0A032FBDDBD40158C016566 /* Roboto-Light.ttf */,
				722935FEAFA844D199ED103E /* Roboto-LightItalic.ttf */,
				0C99C4C4EB0A4045B46BD700 /* Roboto-Medium.ttf */,
				80C9C01E3F8043CFAE7F371B /* Roboto-MediumItalic.ttf */,
				DBAE7607C937468DB7812252 /* Roboto-Regular.ttf */,
				8F2C1D921D8B414A973FBDAC /* Roboto-Thin.ttf */,
				1F924F5CB02F44A8992EEED1 /* Roboto-ThinItalic.ttf */,
			);
			name = Resources;
			sourceTree = "<group>";
		};
		832341AE1AAA6A7D00B99B32 /* Libraries */ = {
			isa = PBXGroup;
			children = (
			);
			name = Libraries;
			sourceTree = "<group>";
		};
		83CBB9F61A601CBA00E9B192 = {
			isa = PBXGroup;
			children = (
				13B07FAE1A68108700A75B9A /* AB */,
				832341AE1AAA6A7D00B99B32 /* Libraries */,
				00E356EF1AD99517003FC87E /* ABTests */,
				83CBBA001A601CBA00E9B192 /* Products */,
				2D16E6871FA4F8E400B85C8A /* Frameworks */,
				1FE653525F13B300BDD85B4E /* Pods */,
				6D81E8139D654F1F80B7F0FD /* Resources */,
			);
			indentWidth = 2;
			sourceTree = "<group>";
			tabWidth = 2;
			usesTabs = 0;
		};
		83CBBA001A601CBA00E9B192 /* Products */ = {
			isa = PBXGroup;
			children = (
				13B07F961A680F5B00A75B9A /* AB.app */,
				00E356EE1AD99517003FC87E /* ABTests.xctest */,
			);
			name = Products;
			sourceTree = "<group>";
		};
/* End PBXGroup section */

/* Begin PBXNativeTarget section */
		00E356ED1AD99517003FC87E /* ABTests */ = {
			isa = PBXNativeTarget;
			buildConfigurationList = 00E357021AD99517003FC87E /* Build configuration list for PBXNativeTarget "ABTests" */;
			buildPhases = (
				DE961EA9B33E617314BE9CAA /* [CP] Check Pods Manifest.lock */,
				00E356EA1AD99517003FC87E /* Sources */,
				00E356EB1AD99517003FC87E /* Frameworks */,
				00E356EC1AD99517003FC87E /* Resources */,
				D29A1D83921FB26DDE572D17 /* [CP] Embed Pods Frameworks */,
				8708B3FA082F6DC1172D120F /* [CP] Copy Pods Resources */,
			);
			buildRules = (
			);
			dependencies = (
				00E356F51AD99517003FC87E /* PBXTargetDependency */,
			);
			name = ABTests;
			productName = ABTests;
			productReference = 00E356EE1AD99517003FC87E /* ABTests.xctest */;
			productType = "com.apple.product-type.bundle.unit-test";
		};
		13B07F861A680F5B00A75B9A /* AB */ = {
			isa = PBXNativeTarget;
			buildConfigurationList = 13B07F931A680F5B00A75B9A /* Build configuration list for PBXNativeTarget "AB" */;
			buildPhases = (
				AA8D3CDE6F55649AF754F938 /* [CP] Check Pods Manifest.lock */,
				FD10A7F022414F080027D42C /* Start Packager */,
				13B07F871A680F5B00A75B9A /* Sources */,
				13B07F8C1A680F5B00A75B9A /* Frameworks */,
				13B07F8E1A680F5B00A75B9A /* Resources */,
				00DD1BFF1BD5951E006B06BC /* Bundle React Native code and images */,
				5D37262827C475DF33C6B7A8 /* [CP] Embed Pods Frameworks */,
				DDC26EC270C85B0064E5A188 /* [CP] Copy Pods Resources */,
			);
			buildRules = (
			);
			dependencies = (
			);
			name = AB;
			productName = AB;
			productReference = 13B07F961A680F5B00A75B9A /* AB.app */;
			productType = "com.apple.product-type.application";
		};
/* End PBXNativeTarget section */

/* Begin PBXProject section */
		83CBB9F71A601CBA00E9B192 /* Project object */ = {
			isa = PBXProject;
			attributes = {
				LastUpgradeCheck = 1210;
				TargetAttributes = {
					00E356ED1AD99517003FC87E = {
						CreatedOnToolsVersion = 6.2;
						TestTargetID = 13B07F861A680F5B00A75B9A;
					};
					13B07F861A680F5B00A75B9A = {
						LastSwiftMigration = 1120;
					};
				};
			};
			buildConfigurationList = 83CBB9FA1A601CBA00E9B192 /* Build configuration list for PBXProject "AB" */;
			compatibilityVersion = "Xcode 12.0";
			developmentRegion = en;
			hasScannedForEncodings = 0;
			knownRegions = (
				en,
				Base,
			);
			mainGroup = 83CBB9F61A601CBA00E9B192;
			productRefGroup = 83CBBA001A601CBA00E9B192 /* Products */;
			projectDirPath = "";
			projectRoot = "";
			targets = (
				13B07F861A680F5B00A75B9A /* AB */,
				00E356ED1AD99517003FC87E /* ABTests */,
			);
		};
/* End PBXProject section */

/* Begin PBXResourcesBuildPhase section */
		00E356EC1AD99517003FC87E /* Resources */ = {
			isa = PBXResourcesBuildPhase;
			buildActionMask = 2147483647;
			files = (
			);
			runOnlyForDeploymentPostprocessing = 0;
		};
		13B07F8E1A680F5B00A75B9A /* Resources */ = {
			isa = PBXResourcesBuildPhase;
			buildActionMask = 2147483647;
			files = (
				81AB9BB82411601600AC10FF /* LaunchScreen.storyboard in Resources */,
				13B07FBF1A68108700A75B9A /* Images.xcassets in Resources */,
				9DB014D6776B412A8534E6B1 /* HelveticaNeue BlackCond.ttf in Resources */,
				54113DB3B4EA4D00ABFD2855 /* HelveticaNeue Bold.ttf in Resources */,
				8B86CA2E6EDA4EC09C91C20F /* HelveticaNeue Light.ttf in Resources */,
				1F5BE91501DC44EF94AB3332 /* HelveticaNeue Medium.ttf in Resources */,
				4694A70FD2174926A83A54F8 /* HelveticaNeue Regular.ttf in Resources */,
				D6BFD31FBD2A4E04AACA8C79 /* HelveticaNeue Thin.ttf in Resources */,
				AD564F229324497880DF9493 /* HelveticaNeue-Regular.ttf in Resources */,
				DEAAD101648949C3935C65C0 /* Inter-Black.ttf in Resources */,
				31FD23781BFE49FBA944A5E4 /* Inter-Bold.ttf in Resources */,
				27D171E7D7CD474EB9F83E98 /* Inter-ExtraBold.ttf in Resources */,
				F9D768C3725944618DBF904E /* Inter-ExtraLight.ttf in Resources */,
				A465E9A50653442E82D3A3A6 /* Inter-Light.ttf in Resources */,
				F86612FB496B422DA60CC0AA /* Inter-Medium.ttf in Resources */,
				97D36BE4C94C46F988C0201A /* Inter-Regular.ttf in Resources */,
				1C4DD60B467B4ACF9DBE5ECA /* Inter-SemiBold.ttf in Resources */,
				CDDF0933E90D41E6903B3EFC /* Inter-Thin.ttf in Resources */,
				6EAA6825C9BE473AB9BBD65E /* Poppins-Black.ttf in Resources */,
				C7F05C5B4F884B9996FD90E4 /* Poppins-BlackItalic.ttf in Resources */,
				BAE3741E3180444A85E03A5F /* Poppins-Bold.ttf in Resources */,
				2BAF35A0998A4444BCB74969 /* Poppins-BoldItalic.ttf in Resources */,
				853CCC1A12DB46829C5D6223 /* Poppins-ExtraBold.ttf in Resources */,
				C7BE4222B3BB4A4D912310B7 /* Poppins-ExtraBoldItalic.ttf in Resources */,
				9AC170C09DD540D58E2B146D /* Poppins-ExtraLight.ttf in Resources */,
				97FBF5469400401885663DE1 /* Poppins-ExtraLightItalic.ttf in Resources */,
				740BBAC71CDD49EAA449CA05 /* Poppins-Italic.ttf in Resources */,
				CD4F76E4444048539FB6486B /* Poppins-Light.ttf in Resources */,
				230542277B1C45AFAD916AFF /* Poppins-LightItalic.ttf in Resources */,
				38061395947F454195CF0512 /* Poppins-Medium.ttf in Resources */,
				16067A08F1A144FA89B7BC32 /* Poppins-MediumItalic.ttf in Resources */,
				B9072864AC55488598E37ED2 /* Poppins-Regular.ttf in Resources */,
				54E3B3BF83DE4178994C702E /* Poppins-SemiBold.ttf in Resources */,
				939B2629450C4CCEB344CE6A /* Poppins-SemiBoldItalic.ttf in Resources */,
				67767C468DA747568B987358 /* Poppins-Thin.ttf in Resources */,
				91A42FDF721F403AB14D1899 /* Poppins-ThinItalic.ttf in Resources */,
				FA5DDE24268043218ECEF123 /* Roboto-Black.ttf in Resources */,
				2A2E6E5A0A1A47E782924655 /* Roboto-BlackItalic.ttf in Resources */,
				D1204E2FB6624C32AE835B83 /* Roboto-Bold.ttf in Resources */,
				274BA4006EF44C35B24E965C /* Roboto-BoldItalic.ttf in Resources */,
				773C6C1606304B9FBBFB817E /* Roboto-Italic.ttf in Resources */,
				8D68D1BBC43F4DDA873BA1C3 /* Roboto-Light.ttf in Resources */,
				E09EA60273E04A59A618F16F /* Roboto-LightItalic.ttf in Resources */,
				8FA6ED0089AA4F1DAF050689 /* Roboto-Medium.ttf in Resources */,
				E96742B586684D05AD301E6C /* Roboto-MediumItalic.ttf in Resources */,
				D64653D093E9476A8D32DBA9 /* Roboto-Regular.ttf in Resources */,
				1C5079F026ED418A8229D327 /* Roboto-Thin.ttf in Resources */,
				37C6B60278DE43189A68FCD5 /* Roboto-ThinItalic.ttf in Resources */,
			);
			runOnlyForDeploymentPostprocessing = 0;
		};
/* End PBXResourcesBuildPhase section */

/* Begin PBXShellScriptBuildPhase section */
		00DD1BFF1BD5951E006B06BC /* Bundle React Native code and images */ = {
			isa = PBXShellScriptBuildPhase;
			buildActionMask = 2147483647;
			files = (
			);
			inputPaths = (
			);
			name = "Bundle React Native code and images";
			outputPaths = (
			);
			runOnlyForDeploymentPostprocessing = 0;
			shellPath = /bin/sh;
			shellScript = "set -e\n\nexport NODE_BINARY=node\n../node_modules/react-native/scripts/react-native-xcode.sh\n";
		};
		5D37262827C475DF33C6B7A8 /* [CP] Embed Pods Frameworks */ = {
			isa = PBXShellScriptBuildPhase;
			buildActionMask = 2147483647;
			files = (
			);
			inputFileListPaths = (
				"${PODS_ROOT}/Target Support Files/Pods-AB/Pods-AB-frameworks-${CONFIGURATION}-input-files.xcfilelist",
			);
			name = "[CP] Embed Pods Frameworks";
			outputFileListPaths = (
				"${PODS_ROOT}/Target Support Files/Pods-AB/Pods-AB-frameworks-${CONFIGURATION}-output-files.xcfilelist",
			);
			runOnlyForDeploymentPostprocessing = 0;
			shellPath = /bin/sh;
			shellScript = "\"${PODS_ROOT}/Target Support Files/Pods-AB/Pods-AB-frameworks.sh\"\n";
			showEnvVarsInLog = 0;
		};
		8708B3FA082F6DC1172D120F /* [CP] Copy Pods Resources */ = {
			isa = PBXShellScriptBuildPhase;
			buildActionMask = 2147483647;
			files = (
			);
			inputFileListPaths = (
				"${PODS_ROOT}/Target Support Files/Pods-AB-ABTests/Pods-AB-ABTests-resources-${CONFIGURATION}-input-files.xcfilelist",
			);
			name = "[CP] Copy Pods Resources";
			outputFileListPaths = (
				"${PODS_ROOT}/Target Support Files/Pods-AB-ABTests/Pods-AB-ABTests-resources-${CONFIGURATION}-output-files.xcfilelist",
			);
			runOnlyForDeploymentPostprocessing = 0;
			shellPath = /bin/sh;
			shellScript = "\"${PODS_ROOT}/Target Support Files/Pods-AB-ABTests/Pods-AB-ABTests-resources.sh\"\n";
			showEnvVarsInLog = 0;
		};
		AA8D3CDE6F55649AF754F938 /* [CP] Check Pods Manifest.lock */ = {
			isa = PBXShellScriptBuildPhase;
			buildActionMask = 2147483647;
			files = (
			);
			inputFileListPaths = (
			);
			inputPaths = (
				"${PODS_PODFILE_DIR_PATH}/Podfile.lock",
				"${PODS_ROOT}/Manifest.lock",
			);
			name = "[CP] Check Pods Manifest.lock";
			outputFileListPaths = (
			);
			outputPaths = (
				"$(DERIVED_FILE_DIR)/Pods-AB-checkManifestLockResult.txt",
			);
			runOnlyForDeploymentPostprocessing = 0;
			shellPath = /bin/sh;
			shellScript = "diff \"${PODS_PODFILE_DIR_PATH}/Podfile.lock\" \"${PODS_ROOT}/Manifest.lock\" > /dev/null\nif [ $? != 0 ] ; then\n    # print error to STDERR\n    echo \"error: The sandbox is not in sync with the Podfile.lock. Run 'pod install' or update your CocoaPods installation.\" >&2\n    exit 1\nfi\n# This output is used by Xcode 'outputs' to avoid re-running this script phase.\necho \"SUCCESS\" > \"${SCRIPT_OUTPUT_FILE_0}\"\n";
			showEnvVarsInLog = 0;
		};
		D29A1D83921FB26DDE572D17 /* [CP] Embed Pods Frameworks */ = {
			isa = PBXShellScriptBuildPhase;
			buildActionMask = 2147483647;
			files = (
			);
			inputFileListPaths = (
				"${PODS_ROOT}/Target Support Files/Pods-AB-ABTests/Pods-AB-ABTests-frameworks-${CONFIGURATION}-input-files.xcfilelist",
			);
			name = "[CP] Embed Pods Frameworks";
			outputFileListPaths = (
				"${PODS_ROOT}/Target Support Files/Pods-AB-ABTests/Pods-AB-ABTests-frameworks-${CONFIGURATION}-output-files.xcfilelist",
			);
			runOnlyForDeploymentPostprocessing = 0;
			shellPath = /bin/sh;
			shellScript = "\"${PODS_ROOT}/Target Support Files/Pods-AB-ABTests/Pods-AB-ABTests-frameworks.sh\"\n";
			showEnvVarsInLog = 0;
		};
		DDC26EC270C85B0064E5A188 /* [CP] Copy Pods Resources */ = {
			isa = PBXShellScriptBuildPhase;
			buildActionMask = 2147483647;
			files = (
			);
			inputFileListPaths = (
				"${PODS_ROOT}/Target Support Files/Pods-AB/Pods-AB-resources-${CONFIGURATION}-input-files.xcfilelist",
			);
			name = "[CP] Copy Pods Resources";
			outputFileListPaths = (
				"${PODS_ROOT}/Target Support Files/Pods-AB/Pods-AB-resources-${CONFIGURATION}-output-files.xcfilelist",
			);
			runOnlyForDeploymentPostprocessing = 0;
			shellPath = /bin/sh;
			shellScript = "\"${PODS_ROOT}/Target Support Files/Pods-AB/Pods-AB-resources.sh\"\n";
			showEnvVarsInLog = 0;
		};
		DE961EA9B33E617314BE9CAA /* [CP] Check Pods Manifest.lock */ = {
			isa = PBXShellScriptBuildPhase;
			buildActionMask = 2147483647;
			files = (
			);
			inputFileListPaths = (
			);
			inputPaths = (
				"${PODS_PODFILE_DIR_PATH}/Podfile.lock",
				"${PODS_ROOT}/Manifest.lock",
			);
			name = "[CP] Check Pods Manifest.lock";
			outputFileListPaths = (
			);
			outputPaths = (
				"$(DERIVED_FILE_DIR)/Pods-AB-ABTests-checkManifestLockResult.txt",
			);
			runOnlyForDeploymentPostprocessing = 0;
			shellPath = /bin/sh;
			shellScript = "diff \"${PODS_PODFILE_DIR_PATH}/Podfile.lock\" \"${PODS_ROOT}/Manifest.lock\" > /dev/null\nif [ $? != 0 ] ; then\n    # print error to STDERR\n    echo \"error: The sandbox is not in sync with the Podfile.lock. Run 'pod install' or update your CocoaPods installation.\" >&2\n    exit 1\nfi\n# This output is used by Xcode 'outputs' to avoid re-running this script phase.\necho \"SUCCESS\" > \"${SCRIPT_OUTPUT_FILE_0}\"\n";
			showEnvVarsInLog = 0;
		};
		FD10A7F022414F080027D42C /* Start Packager */ = {
			isa = PBXShellScriptBuildPhase;
			buildActionMask = 2147483647;
			files = (
			);
			inputFileListPaths = (
			);
			inputPaths = (
			);
			name = "Start Packager";
			outputFileListPaths = (
			);
			outputPaths = (
			);
			runOnlyForDeploymentPostprocessing = 0;
			shellPath = /bin/sh;
			shellScript = "export RCT_METRO_PORT=\"${RCT_METRO_PORT:=8081}\"\necho \"export RCT_METRO_PORT=${RCT_METRO_PORT}\" > \"${SRCROOT}/../node_modules/react-native/scripts/.packager.env\"\nif [ -z \"${RCT_NO_LAUNCH_PACKAGER+xxx}\" ] ; then\n  if nc -w 5 -z localhost ${RCT_METRO_PORT} ; then\n    if ! curl -s \"http://localhost:${RCT_METRO_PORT}/status\" | grep -q \"packager-status:running\" ; then\n      echo \"Port ${RCT_METRO_PORT} already in use, packager is either not running or not running correctly\"\n      exit 2\n    fi\n  else\n    open \"$SRCROOT/../node_modules/react-native/scripts/launchPackager.command\" || echo \"Can't start packager automatically\"\n  fi\nfi\n";
			showEnvVarsInLog = 0;
		};
/* End PBXShellScriptBuildPhase section */

/* Begin PBXSourcesBuildPhase section */
		00E356EA1AD99517003FC87E /* Sources */ = {
			isa = PBXSourcesBuildPhase;
			buildActionMask = 2147483647;
			files = (
				00E356F31AD99517003FC87E /* ABTests.m in Sources */,
			);
			runOnlyForDeploymentPostprocessing = 0;
		};
		13B07F871A680F5B00A75B9A /* Sources */ = {
			isa = PBXSourcesBuildPhase;
			buildActionMask = 2147483647;
			files = (
				13B07FBC1A68108700A75B9A /* AppDelegate.m in Sources */,
				13B07FC11A68108700A75B9A /* main.m in Sources */,
			);
			runOnlyForDeploymentPostprocessing = 0;
		};
/* End PBXSourcesBuildPhase section */

/* Begin PBXTargetDependency section */
		00E356F51AD99517003FC87E /* PBXTargetDependency */ = {
			isa = PBXTargetDependency;
			target = 13B07F861A680F5B00A75B9A /* AB */;
			targetProxy = 00E356F41AD99517003FC87E /* PBXContainerItemProxy */;
		};
/* End PBXTargetDependency section */

/* Begin XCBuildConfiguration section */
		00E356F61AD99517003FC87E /* Debug */ = {
			isa = XCBuildConfiguration;
			baseConfigurationReference = 6E4061847B4A03AFF5B1FD3A /* Pods-AB-ABTests.debug.xcconfig */;
			buildSettings = {
				BUNDLE_LOADER = "$(TEST_HOST)";
				DEVELOPMENT_TEAM = 3N799XT7JQ;
				GCC_PREPROCESSOR_DEFINITIONS = (
					"DEBUG=1",
					"$(inherited)",
				);
				INFOPLIST_FILE = ABTests/Info.plist;
				IPHONEOS_DEPLOYMENT_TARGET = 11.0;
				LD_RUNPATH_SEARCH_PATHS = (
					"$(inherited)",
					"@executable_path/Frameworks",
					"@loader_path/Frameworks",
				);
				OTHER_LDFLAGS = (
					"-ObjC",
					"-lc++",
					"$(inherited)",
				);
				PRODUCT_BUNDLE_IDENTIFIER = "org.reactjs.native.example.$(PRODUCT_NAME:rfc1034identifier)";
				PRODUCT_NAME = "$(TARGET_NAME)";
				TEST_HOST = "$(BUILT_PRODUCTS_DIR)/AB.app/AB";
			};
			name = Debug;
		};
		00E356F71AD99517003FC87E /* Release */ = {
			isa = XCBuildConfiguration;
			baseConfigurationReference = 58CB782D4D0F83203334C4A7 /* Pods-AB-ABTests.release.xcconfig */;
			buildSettings = {
				BUNDLE_LOADER = "$(TEST_HOST)";
				COPY_PHASE_STRIP = NO;
				DEVELOPMENT_TEAM = 3N799XT7JQ;
				INFOPLIST_FILE = ABTests/Info.plist;
				IPHONEOS_DEPLOYMENT_TARGET = 11.0;
				LD_RUNPATH_SEARCH_PATHS = (
					"$(inherited)",
					"@executable_path/Frameworks",
					"@loader_path/Frameworks",
				);
				OTHER_LDFLAGS = (
					"-ObjC",
					"-lc++",
					"$(inherited)",
				);
				PRODUCT_BUNDLE_IDENTIFIER = "org.reactjs.native.example.$(PRODUCT_NAME:rfc1034identifier)";
				PRODUCT_NAME = "$(TARGET_NAME)";
				TEST_HOST = "$(BUILT_PRODUCTS_DIR)/AB.app/AB";
			};
			name = Release;
		};
		13B07F941A680F5B00A75B9A /* Debug */ = {
			isa = XCBuildConfiguration;
			baseConfigurationReference = 2320C2E2EE3F75BC9467E76B /* Pods-AB.debug.xcconfig */;
			buildSettings = {
				ASSETCATALOG_COMPILER_APPICON_NAME = AppIcon;
				CLANG_ENABLE_MODULES = YES;
				CURRENT_PROJECT_VERSION = 1;
				DEVELOPMENT_TEAM = 3N799XT7JQ;
				ENABLE_BITCODE = NO;
				INFOPLIST_FILE = AB/Info.plist;
				LD_RUNPATH_SEARCH_PATHS = (
					"$(inherited)",
					"@executable_path/Frameworks",
				);
				OTHER_LDFLAGS = (
					"$(inherited)",
					"-ObjC",
					"-lc++",
				);
				PRODUCT_BUNDLE_IDENTIFIER = "org.reactjs.native.example.$(PRODUCT_NAME:rfc1034identifier)";
				PRODUCT_NAME = AB;
				SWIFT_OPTIMIZATION_LEVEL = "-Onone";
				SWIFT_VERSION = 5.0;
				TARGETED_DEVICE_FAMILY = 1;
				VERSIONING_SYSTEM = "apple-generic";
			};
			name = Debug;
		};
		13B07F951A680F5B00A75B9A /* Release */ = {
			isa = XCBuildConfiguration;
			baseConfigurationReference = 9606A26501D12B2F35E624BA /* Pods-AB.release.xcconfig */;
			buildSettings = {
				ASSETCATALOG_COMPILER_APPICON_NAME = AppIcon;
				CLANG_ENABLE_MODULES = YES;
				CURRENT_PROJECT_VERSION = 1;
				DEVELOPMENT_TEAM = 3N799XT7JQ;
				INFOPLIST_FILE = AB/Info.plist;
				LD_RUNPATH_SEARCH_PATHS = (
					"$(inherited)",
					"@executable_path/Frameworks",
				);
				OTHER_LDFLAGS = (
					"$(inherited)",
					"-ObjC",
					"-lc++",
				);
				PRODUCT_BUNDLE_IDENTIFIER = "org.reactjs.native.example.$(PRODUCT_NAME:rfc1034identifier)";
				PRODUCT_NAME = AB;
				SWIFT_VERSION = 5.0;
				TARGETED_DEVICE_FAMILY = 1;
				VERSIONING_SYSTEM = "apple-generic";
			};
			name = Release;
		};
		83CBBA201A601CBA00E9B192 /* Debug */ = {
			isa = XCBuildConfiguration;
			buildSettings = {
				ALWAYS_SEARCH_USER_PATHS = NO;
				CLANG_ANALYZER_LOCALIZABILITY_NONLOCALIZED = YES;
				CLANG_CXX_LANGUAGE_STANDARD = "gnu++0x";
				CLANG_CXX_LIBRARY = "libc++";
				CLANG_ENABLE_MODULES = YES;
				CLANG_ENABLE_OBJC_ARC = YES;
				CLANG_WARN_BLOCK_CAPTURE_AUTORELEASING = YES;
				CLANG_WARN_BOOL_CONVERSION = YES;
				CLANG_WARN_COMMA = YES;
				CLANG_WARN_CONSTANT_CONVERSION = YES;
				CLANG_WARN_DEPRECATED_OBJC_IMPLEMENTATIONS = YES;
				CLANG_WARN_DIRECT_OBJC_ISA_USAGE = YES_ERROR;
				CLANG_WARN_EMPTY_BODY = YES;
				CLANG_WARN_ENUM_CONVERSION = YES;
				CLANG_WARN_INFINITE_RECURSION = YES;
				CLANG_WARN_INT_CONVERSION = YES;
				CLANG_WARN_NON_LITERAL_NULL_CONVERSION = YES;
				CLANG_WARN_OBJC_IMPLICIT_RETAIN_SELF = YES;
				CLANG_WARN_OBJC_LITERAL_CONVERSION = YES;
				CLANG_WARN_OBJC_ROOT_CLASS = YES_ERROR;
				CLANG_WARN_QUOTED_INCLUDE_IN_FRAMEWORK_HEADER = YES;
				CLANG_WARN_RANGE_LOOP_ANALYSIS = YES;
				CLANG_WARN_STRICT_PROTOTYPES = YES;
				CLANG_WARN_SUSPICIOUS_MOVE = YES;
				CLANG_WARN_UNREACHABLE_CODE = YES;
				CLANG_WARN__DUPLICATE_METHOD_MATCH = YES;
				"CODE_SIGN_IDENTITY[sdk=iphoneos*]" = "iPhone Developer";
				COPY_PHASE_STRIP = NO;
				ENABLE_STRICT_OBJC_MSGSEND = YES;
				ENABLE_TESTABILITY = YES;
				"EXCLUDED_ARCHS[sdk=iphonesimulator*]" = "";
				GCC_C_LANGUAGE_STANDARD = gnu99;
				GCC_DYNAMIC_NO_PIC = NO;
				GCC_NO_COMMON_BLOCKS = YES;
				GCC_OPTIMIZATION_LEVEL = 0;
				GCC_PREPROCESSOR_DEFINITIONS = (
					"DEBUG=1",
					"$(inherited)",
				);
				GCC_SYMBOLS_PRIVATE_EXTERN = NO;
				GCC_WARN_64_TO_32_BIT_CONVERSION = YES;
				GCC_WARN_ABOUT_RETURN_TYPE = YES_ERROR;
				GCC_WARN_UNDECLARED_SELECTOR = YES;
				GCC_WARN_UNINITIALIZED_AUTOS = YES_AGGRESSIVE;
				GCC_WARN_UNUSED_FUNCTION = YES;
				GCC_WARN_UNUSED_VARIABLE = YES;
				IPHONEOS_DEPLOYMENT_TARGET = 11.0;
				LD_RUNPATH_SEARCH_PATHS = (
					/usr/lib/swift,
					"$(inherited)",
				);
				LIBRARY_SEARCH_PATHS = (
					"\"$(SDKROOT)/usr/lib/swift\"",
					"\"$(TOOLCHAIN_DIR)/usr/lib/swift/$(PLATFORM_NAME)\"",
					"\"$(TOOLCHAIN_DIR)/usr/lib/swift-5.0/$(PLATFORM_NAME)\"",
					"\"$(inherited)\"",
				);
				MTL_ENABLE_DEBUG_INFO = YES;
				ONLY_ACTIVE_ARCH = YES;
				SDKROOT = iphoneos;
			};
			name = Debug;
		};
		83CBBA211A601CBA00E9B192 /* Release */ = {
			isa = XCBuildConfiguration;
			buildSettings = {
				ALWAYS_SEARCH_USER_PATHS = NO;
				CLANG_ANALYZER_LOCALIZABILITY_NONLOCALIZED = YES;
				CLANG_CXX_LANGUAGE_STANDARD = "gnu++0x";
				CLANG_CXX_LIBRARY = "libc++";
				CLANG_ENABLE_MODULES = YES;
				CLANG_ENABLE_OBJC_ARC = YES;
				CLANG_WARN_BLOCK_CAPTURE_AUTORELEASING = YES;
				CLANG_WARN_BOOL_CONVERSION = YES;
				CLANG_WARN_COMMA = YES;
				CLANG_WARN_CONSTANT_CONVERSION = YES;
				CLANG_WARN_DEPRECATED_OBJC_IMPLEMENTATIONS = YES;
				CLANG_WARN_DIRECT_OBJC_ISA_USAGE = YES_ERROR;
				CLANG_WARN_EMPTY_BODY = YES;
				CLANG_WARN_ENUM_CONVERSION = YES;
				CLANG_WARN_INFINITE_RECURSION = YES;
				CLANG_WARN_INT_CONVERSION = YES;
				CLANG_WARN_NON_LITERAL_NULL_CONVERSION = YES;
				CLANG_WARN_OBJC_IMPLICIT_RETAIN_SELF = YES;
				CLANG_WARN_OBJC_LITERAL_CONVERSION = YES;
				CLANG_WARN_OBJC_ROOT_CLASS = YES_ERROR;
				CLANG_WARN_QUOTED_INCLUDE_IN_FRAMEWORK_HEADER = YES;
				CLANG_WARN_RANGE_LOOP_ANALYSIS = YES;
				CLANG_WARN_STRICT_PROTOTYPES = YES;
				CLANG_WARN_SUSPICIOUS_MOVE = YES;
				CLANG_WARN_UNREACHABLE_CODE = YES;
				CLANG_WARN__DUPLICATE_METHOD_MATCH = YES;
				"CODE_SIGN_IDENTITY[sdk=iphoneos*]" = "iPhone Developer";
				COPY_PHASE_STRIP = YES;
				ENABLE_NS_ASSERTIONS = NO;
				ENABLE_STRICT_OBJC_MSGSEND = YES;
				"EXCLUDED_ARCHS[sdk=iphonesimulator*]" = "";
				GCC_C_LANGUAGE_STANDARD = gnu99;
				GCC_NO_COMMON_BLOCKS = YES;
				GCC_WARN_64_TO_32_BIT_CONVERSION = YES;
				GCC_WARN_ABOUT_RETURN_TYPE = YES_ERROR;
				GCC_WARN_UNDECLARED_SELECTOR = YES;
				GCC_WARN_UNINITIALIZED_AUTOS = YES_AGGRESSIVE;
				GCC_WARN_UNUSED_FUNCTION = YES;
				GCC_WARN_UNUSED_VARIABLE = YES;
				IPHONEOS_DEPLOYMENT_TARGET = 11.0;
				LD_RUNPATH_SEARCH_PATHS = (
					/usr/lib/swift,
					"$(inherited)",
				);
				LIBRARY_SEARCH_PATHS = (
					"\"$(SDKROOT)/usr/lib/swift\"",
					"\"$(TOOLCHAIN_DIR)/usr/lib/swift/$(PLATFORM_NAME)\"",
					"\"$(TOOLCHAIN_DIR)/usr/lib/swift-5.0/$(PLATFORM_NAME)\"",
					"\"$(inherited)\"",
				);
				MTL_ENABLE_DEBUG_INFO = NO;
				SDKROOT = iphoneos;
				VALIDATE_PRODUCT = YES;
			};
			name = Release;
		};
/* End XCBuildConfiguration section */

/* Begin XCConfigurationList section */
		00E357021AD99517003FC87E /* Build configuration list for PBXNativeTarget "ABTests" */ = {
			isa = XCConfigurationList;
			buildConfigurations = (
				00E356F61AD99517003FC87E /* Debug */,
				00E356F71AD99517003FC87E /* Release */,
			);
			defaultConfigurationIsVisible = 0;
			defaultConfigurationName = Release;
		};
		13B07F931A680F5B00A75B9A /* Build configuration list for PBXNativeTarget "AB" */ = {
			isa = XCConfigurationList;
			buildConfigurations = (
				13B07F941A680F5B00A75B9A /* Debug */,
				13B07F951A680F5B00A75B9A /* Release */,
			);
			defaultConfigurationIsVisible = 0;
			defaultConfigurationName = Release;
		};
		83CBB9FA1A601CBA00E9B192 /* Build configuration list for PBXProject "AB" */ = {
			isa = XCConfigurationList;
			buildConfigurations = (
				83CBBA201A601CBA00E9B192 /* Debug */,
				83CBBA211A601CBA00E9B192 /* Release */,
			);
			defaultConfigurationIsVisible = 0;
			defaultConfigurationName = Release;
		};
/* End XCConfigurationList section */
	};
	rootObject = 83CBB9F71A601CBA00E9B192 /* Project object */;
}
